
Microsoft Visual Studio Solution File, Format Version 12.00
# Visual Studio Version 17
VisualStudioVersion = 17.9.34701.34
MinimumVisualStudioVersion = 10.0.40219.1
Project("{FAE04EC0-301F-11D3-BF4B-00C04F79EFBC}") = "Diakkezelo", "Diakkezelo\Diakkezelo.csproj", "{07A29D30-F2A3-4844-8426-D964DA6C6769}"
EndProject
Global
	GlobalSection(SolutionConfigurationPlatforms) = preSolution
		Debug|Any CPU = Debug|Any CPU
		Release|Any CPU = Release|Any CPU
	EndGlobalSection
	GlobalSection(ProjectConfigurationPlatforms) = postSolution
		{07A29D30-F2A3-4844-8426-D964DA6C6769}.Debug|Any CPU.ActiveCfg = Debug|Any CPU
		{07A29D30-F2A3-4844-8426-D964DA6C6769}.Debug|Any CPU.Build.0 = Debug|Any CPU
		{07A29D30-F2A3-4844-8426-D964DA6C6769}.Release|Any CPU.ActiveCfg = Release|Any CPU
		{07A29D30-F2A3-4844-8426-D964DA6C6769}.Release|Any CPU.Build.0 = Release|Any CPU
	EndGlobalSection
	GlobalSection(SolutionProperties) = preSolution
		HideSolutionNode = FALSE
	EndGlobalSection
	GlobalSection(ExtensibilityGlobals) = postSolution
		SolutionGuid = {76B4FC90-E1FC-4E43-9714-8F7E1D3E0A87}
	EndGlobalSection
EndGlobal
